
Microsoft Visual Studio Solution File, Format Version 12.00
Project("{FAE04EC0-301F-11D3-BF4B-00C04F79EFBC}") = "SquadUp", "SquadUp\SquadUp.csproj", "{6571A8D9-3D99-456A-8F6F-D97D22FD4409}"
EndProject
Global
	GlobalSection(SolutionConfigurationPlatforms) = preSolution
		Debug|Any CPU = Debug|Any CPU
		Release|Any CPU = Release|Any CPU
	EndGlobalSection
	GlobalSection(ProjectConfigurationPlatforms) = postSolution
		{6571A8D9-3D99-456A-8F6F-D97D22FD4409}.Debug|Any CPU.ActiveCfg = Debug|Any CPU
		{6571A8D9-3D99-456A-8F6F-D97D22FD4409}.Debug|Any CPU.Build.0 = Debug|Any CPU
		{6571A8D9-3D99-456A-8F6F-D97D22FD4409}.Release|Any CPU.ActiveCfg = Release|Any CPU
		{6571A8D9-3D99-456A-8F6F-D97D22FD4409}.Release|Any CPU.Build.0 = Release|Any CPU
	EndGlobalSection
EndGlobal
